
Microsoft Visual Studio Solution File, Format Version 12.00
# Visual Studio Version 17
VisualStudioVersion = 17.9.34728.123
MinimumVisualStudioVersion = 10.0.40219.1
Project("{FAE04EC0-301F-11D3-BF4B-00C04F79EFBC}") = "week5", "week5.csproj", "{42278649-D6D3-4F9D-82BF-D98137C1D588}"
EndProject
Global
	GlobalSection(SolutionConfigurationPlatforms) = preSolution
		Debug|Any CPU = Debug|Any CPU
		Release|Any CPU = Release|Any CPU
	EndGlobalSection
	GlobalSection(ProjectConfigurationPlatforms) = postSolution
		{42278649-D6D3-4F9D-82BF-D98137C1D588}.Debug|Any CPU.ActiveCfg = Debug|Any CPU
		{42278649-D6D3-4F9D-82BF-D98137C1D588}.Debug|Any CPU.Build.0 = Debug|Any CPU
		{42278649-D6D3-4F9D-82BF-D98137C1D588}.Release|Any CPU.ActiveCfg = Release|Any CPU
		{42278649-D6D3-4F9D-82BF-D98137C1D588}.Release|Any CPU.Build.0 = Release|Any CPU
	EndGlobalSection
	GlobalSection(SolutionProperties) = preSolution
		HideSolutionNode = FALSE
	EndGlobalSection
	GlobalSection(ExtensibilityGlobals) = postSolution
		SolutionGuid = {48D2619E-18F2-4D42-A401-5047724DB6CF}
	EndGlobalSection
EndGlobal
